
Microsoft Visual Studio Solution File, Format Version 12.00
# Visual Studio Version 16
VisualStudioVersion = 16.0.29411.108
MinimumVisualStudioVersion = 10.0.40219.1
Project("{FAE04EC0-301F-11D3-BF4B-00C04F79EFBC}") = "Open-Lab-03.3", "Open-Lab-03.3\Open-Lab-03.3.csproj", "{F166BE71-0A7F-462C-923A-65D38D887687}"
EndProject
Global
	GlobalSection(SolutionConfigurationPlatforms) = preSolution
		Debug|Any CPU = Debug|Any CPU
		Release|Any CPU = Release|Any CPU
	EndGlobalSection
	GlobalSection(ProjectConfigurationPlatforms) = postSolution
		{F166BE71-0A7F-462C-923A-65D38D887687}.Debug|Any CPU.ActiveCfg = Debug|Any CPU
		{F166BE71-0A7F-462C-923A-65D38D887687}.Debug|Any CPU.Build.0 = Debug|Any CPU
		{F166BE71-0A7F-462C-923A-65D38D887687}.Release|Any CPU.ActiveCfg = Release|Any CPU
		{F166BE71-0A7F-462C-923A-65D38D887687}.Release|Any CPU.Build.0 = Release|Any CPU
	EndGlobalSection
	GlobalSection(SolutionProperties) = preSolution
		HideSolutionNode = FALSE
	EndGlobalSection
	GlobalSection(ExtensibilityGlobals) = postSolution
		SolutionGuid = {22E2670C-DB97-4EE6-9147-DD48C9D666B3}
	EndGlobalSection
EndGlobal
